
Microsoft Visual Studio Solution File, Format Version 12.00
# Visual Studio Version 16
VisualStudioVersion = 16.0.30907.101
MinimumVisualStudioVersion = 10.0.40219.1
Project("{FAE04EC0-301F-11D3-BF4B-00C04F79EFBC}") = "AuthorizationExample", "AutorizationExample\AuthorizationExample.csproj", "{C9105222-BD06-49B2-B25C-07CE431D4DEE}"
EndProject
Global
	GlobalSection(SolutionConfigurationPlatforms) = preSolution
		Debug|Any CPU = Debug|Any CPU
		Release|Any CPU = Release|Any CPU
	EndGlobalSection
	GlobalSection(ProjectConfigurationPlatforms) = postSolution
		{C9105222-BD06-49B2-B25C-07CE431D4DEE}.Debug|Any CPU.ActiveCfg = Debug|Any CPU
		{C9105222-BD06-49B2-B25C-07CE431D4DEE}.Debug|Any CPU.Build.0 = Debug|Any CPU
		{C9105222-BD06-49B2-B25C-07CE431D4DEE}.Release|Any CPU.ActiveCfg = Release|Any CPU
		{C9105222-BD06-49B2-B25C-07CE431D4DEE}.Release|Any CPU.Build.0 = Release|Any CPU
	EndGlobalSection
	GlobalSection(SolutionProperties) = preSolution
		HideSolutionNode = FALSE
	EndGlobalSection
	GlobalSection(ExtensibilityGlobals) = postSolution
		SolutionGuid = {535879C5-9B20-4EC8-8A7B-FB143CC84A95}
	EndGlobalSection
EndGlobal
